{
  "object": {
    "pins": [
      {
        "package": "Splash",
        "repositoryURL": "https://github.com/marcocapano/Splash",
        "state": {
          "branch": "master",
          "revision": "81b8a9d1db7f33d1c2d1b212ade86d281981ec10",
          "version": null
        }
      }
    ]
  },
  "version": 1
}
